
Microsoft Visual Studio Solution File, Format Version 12.00
# Visual Studio Version 17
VisualStudioVersion = 17.2.32505.173
MinimumVisualStudioVersion = 10.0.40219.1
Project("{FAE04EC0-301F-11D3-BF4B-00C04F79EFBC}") = "ReversedSequence", "ReversedSequence\ReversedSequence.csproj", "{AEFE2582-A245-4554-BC7D-849323B2494B}"
EndProject
Project("{2150E333-8FDC-42A3-9474-1A3956D46DE8}") = "Itens de Solução", "Itens de Solução", "{FEE497AA-D1E9-4269-A1F8-D9124EE7C429}"
	ProjectSection(SolutionItems) = preProject
		README.md = README.md
	EndProjectSection
EndProject
Global
	GlobalSection(SolutionConfigurationPlatforms) = preSolution
		Debug|Any CPU = Debug|Any CPU
		Release|Any CPU = Release|Any CPU
	EndGlobalSection
	GlobalSection(ProjectConfigurationPlatforms) = postSolution
		{AEFE2582-A245-4554-BC7D-849323B2494B}.Debug|Any CPU.ActiveCfg = Debug|Any CPU
		{AEFE2582-A245-4554-BC7D-849323B2494B}.Debug|Any CPU.Build.0 = Debug|Any CPU
		{AEFE2582-A245-4554-BC7D-849323B2494B}.Release|Any CPU.ActiveCfg = Release|Any CPU
		{AEFE2582-A245-4554-BC7D-849323B2494B}.Release|Any CPU.Build.0 = Release|Any CPU
	EndGlobalSection
	GlobalSection(SolutionProperties) = preSolution
		HideSolutionNode = FALSE
	EndGlobalSection
	GlobalSection(ExtensibilityGlobals) = postSolution
		SolutionGuid = {A59C3DEA-0542-490E-A719-A1445F15A555}
	EndGlobalSection
EndGlobal
